
Microsoft Visual Studio Solution File, Format Version 12.00
# Visual Studio 19
VisualStudioVersion = 14.0.25420.1
MinimumVisualStudioVersion = 10.0.40219.1
Project("{FAE04EC0-301F-11D3-BF4B-00C04F79EFBC}") = "OneDollarUnistroke", "OneDollarUnistroke\OneDollarUnistroke.csproj", "{E04E2EF3-6C71-4FB8-9365-2F43E406F535}"
EndProject
Global
	GlobalSection(SolutionConfigurationPlatforms) = preSolution
		Debug|Any CPU = Debug|Any CPU
		Release|Any CPU = Release|Any CPU
	EndGlobalSection
	GlobalSection(ProjectConfigurationPlatforms) = postSolution
		{E04E2EF3-6C71-4FB8-9365-2F43E406F535}.Debug|Any CPU.ActiveCfg = Debug|Any CPU
		{E04E2EF3-6C71-4FB8-9365-2F43E406F535}.Debug|Any CPU.Build.0 = Debug|Any CPU
		{E04E2EF3-6C71-4FB8-9365-2F43E406F535}.Release|Any CPU.ActiveCfg = Release|Any CPU
		{E04E2EF3-6C71-4FB8-9365-2F43E406F535}.Release|Any CPU.Build.0 = Release|Any CPU
	EndGlobalSection
	GlobalSection(SolutionProperties) = preSolution
		HideSolutionNode = FALSE
	EndGlobalSection
EndGlobal
